lockfileVersion: '9.0'

settings:
  autoInstallPeers: true
  excludeLinksFromLockfile: false

importers:

  .:
    dependencies:
      monaco-editor:
        specifier: ^0.50.0
        version: 0.50.0

packages:

  monaco-editor@0.50.0:
    resolution: {integrity: sha512-8CclLCmrRRh+sul7C08BmPBP3P8wVWfBHomsTcndxg5NRCEPfu/mc2AGU8k37ajjDVXcXFc12ORAMUkmk+lkFA==}

snapshots:

  monaco-editor@0.50.0: {}
